{
  "platform": {
    "version": "0.9.0"
  },
  "entries": [
    {
      "name": "Osysharp.Carriers.Sendcloud",
      "kind": "package",
      "version": "0.1.0",
      "hash": "sha256:53974673d39d3516d277a19d62387de3b2c6f4c24be8161bd318afa6cb6807cc",
      "minPlatform": "0.9.0",
      "shadow": "app-forkable",
      "source": "workspace:kits/sendcloud",
      "constraint": "0"
    },
    {
      "name": "Osysharp.Http",
      "kind": "package",
      "version": "1.0.0",
      "hash": "sha256:4c24068aeea5ef1a155459d4cc332c85d7ee3d96049f2404e54ac860d94beb0f",
      "minPlatform": "0.9.0",
      "shadow": "app-forkable",
      "source": "workspace:Platform.Core/Dsl/OsySharp/Baseline/Capabilities/Http"
    },
    {
      "name": "Osysharp.Delivery",
      "kind": "package",
      "version": "0.1.0",
      "hash": "sha256:4938c793fe6765bd64250b643f00e8b83fc09cbfed0f16a42052c2446b721f9a",
      "minPlatform": "0.9.0",
      "shadow": "app-forkable",
      "source": "workspace:kits/delivery",
      "constraint": "0"
    }
  ],
  "bridges": {
    "searched": [
      "workspace",
      "platform"
    ],
    "skipped": [
      "github: offline \u2014 the public catalog was not searched for bridges. Run \u0060osy lock\u0060 with a network to look."
    ]
  }
}