{
  "platform": {
    "version": "0.9.0"
  },
  "entries": [
    {
      "name": "Osysharp.Carriers.Sendcloud",
      "kind": "package",
      "version": "0.1.1",
      "hash": "sha256:14df939432e2c959d0173472fa5e6f5ddedcc330b72bd1f438785e1ed8cacd56",
      "minPlatform": "0.9.0",
      "shadow": "app-forkable",
      "source": "workspace:kits/sendcloud",
      "constraint": "0"
    },
    {
      "name": "Osysharp.Http",
      "kind": "package",
      "version": "1.0.0",
      "hash": "sha256:4c24068aeea5ef1a155459d4cc332c85d7ee3d96049f2404e54ac860d94beb0f",
      "minPlatform": "0.9.0",
      "shadow": "app-forkable",
      "source": "workspace:Platform.Core/Dsl/OsySharp/Baseline/Capabilities/Http"
    },
    {
      "name": "Osysharp.Delivery",
      "kind": "package",
      "version": "0.1.1",
      "hash": "sha256:cd33e075ba5ba55035eb238927ec9cbb80845dec22de08b0f5a7792cdeea3034",
      "minPlatform": "0.9.0",
      "shadow": "app-forkable",
      "source": "workspace:kits/delivery",
      "constraint": "0"
    }
  ],
  "bridges": {
    "searched": [
      "workspace",
      "platform"
    ],
    "skipped": [
      "github: offline \u2014 the public catalog was not searched for bridges. Run \u0060osy lock\u0060 with a network to look."
    ]
  }
}